
Microsoft Visual Studio Solution File, Format Version 12.00
# Visual Studio Version 17
VisualStudioVersion = 17.4.33122.133
MinimumVisualStudioVersion = 10.0.40219.1
Project("{2150E333-8FDC-42A3-9474-1A3956D46DE8}") = "modules", "modules", "{020FAFDF-77EE-4752-9576-2BDA3EDB01B5}"
EndProject
Project("{2150E333-8FDC-42A3-9474-1A3956D46DE8}") = "UserAccess", "UserAccess", "{C3FB59F2-EBCD-4407-9E0C-3FA52090B4BA}"
EndProject
Project("{9A19103F-16F7-4668-BE54-9A1E7A4F7556}") = "CompanyName.MyMeetings.Modules.UserAccess.Domain", "CompanyName.MyMeetings.Modules.UserAccess.Domain\CompanyName.MyMeetings.Modules.UserAccess.Domain.csproj", "{8078D4E6-EE99-41AC-836E-B06AD9E4132E}"
EndProject
Project("{2150E333-8FDC-42A3-9474-1A3956D46DE8}") = "BuildingBlocks", "BuildingBlocks", "{C9C34257-5540-401F-B916-035A060ED338}"
EndProject
Project("{9A19103F-16F7-4668-BE54-9A1E7A4F7556}") = "CompanyName.MyMeetings.BuildingBlocks.Domain", "CompanyName.MyMeetings.BuildingBlocks.Domain\CompanyName.MyMeetings.BuildingBlocks.Domain.csproj", "{471E5AC4-95EB-415D-A102-0F9164BC3D5B}"
EndProject
Project("{9A19103F-16F7-4668-BE54-9A1E7A4F7556}") = "CompanyName.MyMeetings.BuildingBlocks.Application", "CompanyName.MyMeetings.BuildingBlocks.Application\CompanyName.MyMeetings.BuildingBlocks.Application.csproj", "{384AC57B-191B-4477-BA6D-E8DC30306A34}"
EndProject
Project("{9A19103F-16F7-4668-BE54-9A1E7A4F7556}") = "CompanyName.MyMeetings.Modules.UserAccess.Application", "CompanyName.MyMeetings.Modules.UserAccess.Application\CompanyName.MyMeetings.Modules.UserAccess.Application.csproj", "{82B3456C-EB94-40DF-A811-2259BF874033}"
EndProject
Project("{9A19103F-16F7-4668-BE54-9A1E7A4F7556}") = "CompanyName.MyMeetings.BuildingBlocks.Infrastructure", "CompanyName.MyMeetings.BuildingBlocks.Infrastructure\CompanyName.MyMeetings.BuildingBlocks.Infrastructure.csproj", "{54AEAF4A-CF40-428F-B24B-D2F9F110D182}"
EndProject
Project("{FAE04EC0-301F-11D3-BF4B-00C04F79EFBC}") = "CompanyName.MyMeetings.Modules.UserAccess.IntegrationEvents", "CompanyName.MyMeetings.Modules.UserAccess.IntegrationEvents\CompanyName.MyMeetings.Modules.UserAccess.IntegrationEvents.csproj", "{6F4E8288-FF88-4724-9EE3-B0E990FD49DC}"
EndProject
Project("{FAE04EC0-301F-11D3-BF4B-00C04F79EFBC}") = "CompanyName.MyMeetings.BuildingBlocks.EventBus", "CompanyName.MyMeetings.BuildingBlocks.EventBus\CompanyName.MyMeetings.BuildingBlocks.EventBus.csproj", "{2FD07A2E-6BC1-4398-9D31-2CC22F94E45F}"
EndProject
Project("{2150E333-8FDC-42A3-9474-1A3956D46DE8}") = "Tests", "Tests", "{B3B693AC-4CA1-4E36-A8C5-7D62133F3184}"
EndProject
Project("{FAE04EC0-301F-11D3-BF4B-00C04F79EFBC}") = "CompanyName.MyMeetings.BuildingBlocks.Application.UnitTests", "CompanyName.MyMeetings.BuildingBlocks.Application.UnitTests\CompanyName.MyMeetings.BuildingBlocks.Application.UnitTests.csproj", "{34EC5C11-42E1-46FA-832A-221EAC0A4D2F}"
EndProject
Project("{FAE04EC0-301F-11D3-BF4B-00C04F79EFBC}") = "CompanyName.MyMeetings.BuildingBlocks.IntegrationTests", "CompanyName.MyMeetings.BuildingBlocks.IntegrationTests\CompanyName.MyMeetings.BuildingBlocks.IntegrationTests.csproj", "{5DBC0FB5-E424-4771-90C4-86CCF63FA115}"
EndProject
Project("{2150E333-8FDC-42A3-9474-1A3956D46DE8}") = "Tests", "Tests", "{0C10613D-FA10-4B79-82DF-A4C4DB2DA099}"
EndProject
Project("{FAE04EC0-301F-11D3-BF4B-00C04F79EFBC}") = "CompanyName.MyMeetings.Modules.UserAccess.ArchTests", "CompanyName.MyMeetings.Modules.UserAccess.ArchTests\CompanyName.MyMeetings.Modules.UserAccess.ArchTests.csproj", "{182A7514-631B-4CB0-82C2-5D03D37C4B06}"
EndProject
Project("{FAE04EC0-301F-11D3-BF4B-00C04F79EFBC}") = "CompanyName.MyMeetings.Modules.UserAccess.Infrastructure", "CompanyName.MyMeetings.Modules.UserAccess.Infrastructure\CompanyName.MyMeetings.Modules.UserAccess.Infrastructure.csproj", "{BF3F9AFD-C94B-4E0D-9BAB-EB1AAFB02C92}"
EndProject
Project("{FAE04EC0-301F-11D3-BF4B-00C04F79EFBC}") = "CompanyName.MyMeetings.Modules.UserAccess.Domain.UnitTests", "CompanyName.MyMeetings.Modules.UserAccess.Domain.UnitTests\CompanyName.MyMeetings.Modules.UserAccess.Domain.UnitTests.csproj", "{A6902743-F234-4663-83C8-51C7A37EBAA0}"
EndProject
Project("{FAE04EC0-301F-11D3-BF4B-00C04F79EFBC}") = "CompanyNames.MyMeetings.Modules.UserAccess.IntegrationTests", "CompanyNames.MyMeetings.Modules.UserAccess.IntegrationTests\CompanyNames.MyMeetings.Modules.UserAccess.IntegrationTests.csproj", "{E613F187-E1BD-4629-B18F-EE2FCF222F5E}"
EndProject
Project("{2150E333-8FDC-42A3-9474-1A3956D46DE8}") = "Administration", "Administration", "{0E6C6E29-D89B-4FA4-A772-7524C11D27FA}"
EndProject
Project("{FAE04EC0-301F-11D3-BF4B-00C04F79EFBC}") = "CompanyName.MyMeetings.Modules.Administration.Domain", "CompanyName.MyMeetings.Modules.Administration.Domain\CompanyName.MyMeetings.Modules.Administration.Domain.csproj", "{CD7A2216-B6E1-4BCE-867C-2D84A9861F27}"
EndProject
Project("{FAE04EC0-301F-11D3-BF4B-00C04F79EFBC}") = "CompanyName.MyMeetings.Modules.Administration.Application", "CompanyName.MyMeetings.Modules.Administration.Application\CompanyName.MyMeetings.Modules.Administration.Application.csproj", "{737FF822-2BD0-4565-9013-C6FD773CCB20}"
EndProject
Project("{FAE04EC0-301F-11D3-BF4B-00C04F79EFBC}") = "CompanyName.MyMeetings.Modules.Administration.IntegrationEvents", "CompanyName.MyMeetings.Modules.Administration.IntegrationEvents\CompanyName.MyMeetings.Modules.Administration.IntegrationEvents.csproj", "{5834EF22-919E-42D1-B299-6EEDF876997A}"
EndProject
Project("{2150E333-8FDC-42A3-9474-1A3956D46DE8}") = "Meetings", "Meetings", "{8E9B5412-DA83-43EC-AD27-9710980A8F72}"
EndProject
Project("{FAE04EC0-301F-11D3-BF4B-00C04F79EFBC}") = "CompanyName.MyMeetings.Modules.Meetings.IntegrationEvents", "CompanyName.MyMeetings.Modules.Meetings.IntegrationEvents\CompanyName.MyMeetings.Modules.Meetings.IntegrationEvents.csproj", "{A2AE6BDE-41D2-4D96-B7AA-E65779EBCBF4}"
EndProject
Project("{FAE04EC0-301F-11D3-BF4B-00C04F79EFBC}") = "CompanyName.MyMeetings.Modules.Administration.Infrastructure", "CompanyName.MyMeetings.Modules.Administration.Infrastructure\CompanyName.MyMeetings.Modules.Administration.Infrastructure.csproj", "{C742C4DD-4C37-4CF8-94F2-F759A7A4140D}"
EndProject
Project("{2150E333-8FDC-42A3-9474-1A3956D46DE8}") = "Tests", "Tests", "{29F00696-5B29-41B5-8CF7-9F299962DA7D}"
EndProject
Project("{FAE04EC0-301F-11D3-BF4B-00C04F79EFBC}") = "CompanyName.MyMeetings.Modules.Administration.ArchTests", "CompanyName.MyMeetings.Modules.Administration.ArchTests\CompanyName.MyMeetings.Modules.Administration.ArchTests.csproj", "{F298C929-29BA-482A-A93F-89CA6973AA74}"
EndProject
Project("{FAE04EC0-301F-11D3-BF4B-00C04F79EFBC}") = "CompanyName.MyMeetings.Modules.Administration.Domain.UnitTests", "CompanyName.MyMeetings.Modules.Administration.Domain.UnitTests\CompanyName.MyMeetings.Modules.Administration.Domain.UnitTests.csproj", "{B3861F02-3589-419A-ABEF-9AA402327672}"
EndProject
Project("{FAE04EC0-301F-11D3-BF4B-00C04F79EFBC}") = "CompanyName.MyMeetings.Modules.Administration.IntegrationTests", "CompanyName.MyMeetings.Modules.Administration.IntegrationTests\CompanyName.MyMeetings.Modules.Administration.IntegrationTests.csproj", "{2F35D3CA-9BFD-4011-902E-DC32617399F6}"
EndProject
Global
	GlobalSection(SolutionConfigurationPlatforms) = preSolution
		Debug|Any CPU = Debug|Any CPU
		Release|Any CPU = Release|Any CPU
	EndGlobalSection
	GlobalSection(ProjectConfigurationPlatforms) = postSolution
		{8078D4E6-EE99-41AC-836E-B06AD9E4132E}.Debug|Any CPU.ActiveCfg = Debug|Any CPU
		{8078D4E6-EE99-41AC-836E-B06AD9E4132E}.Debug|Any CPU.Build.0 = Debug|Any CPU
		{8078D4E6-EE99-41AC-836E-B06AD9E4132E}.Release|Any CPU.ActiveCfg = Release|Any CPU
		{8078D4E6-EE99-41AC-836E-B06AD9E4132E}.Release|Any CPU.Build.0 = Release|Any CPU
		{471E5AC4-95EB-415D-A102-0F9164BC3D5B}.Debug|Any CPU.ActiveCfg = Debug|Any CPU
		{471E5AC4-95EB-415D-A102-0F9164BC3D5B}.Debug|Any CPU.Build.0 = Debug|Any CPU
		{471E5AC4-95EB-415D-A102-0F9164BC3D5B}.Release|Any CPU.ActiveCfg = Release|Any CPU
		{471E5AC4-95EB-415D-A102-0F9164BC3D5B}.Release|Any CPU.Build.0 = Release|Any CPU
		{384AC57B-191B-4477-BA6D-E8DC30306A34}.Debug|Any CPU.ActiveCfg = Debug|Any CPU
		{384AC57B-191B-4477-BA6D-E8DC30306A34}.Debug|Any CPU.Build.0 = Debug|Any CPU
		{384AC57B-191B-4477-BA6D-E8DC30306A34}.Release|Any CPU.ActiveCfg = Release|Any CPU
		{384AC57B-191B-4477-BA6D-E8DC30306A34}.Release|Any CPU.Build.0 = Release|Any CPU
		{82B3456C-EB94-40DF-A811-2259BF874033}.Debug|Any CPU.ActiveCfg = Debug|Any CPU
		{82B3456C-EB94-40DF-A811-2259BF874033}.Debug|Any CPU.Build.0 = Debug|Any CPU
		{82B3456C-EB94-40DF-A811-2259BF874033}.Release|Any CPU.ActiveCfg = Release|Any CPU
		{82B3456C-EB94-40DF-A811-2259BF874033}.Release|Any CPU.Build.0 = Release|Any CPU
		{54AEAF4A-CF40-428F-B24B-D2F9F110D182}.Debug|Any CPU.ActiveCfg = Debug|Any CPU
		{54AEAF4A-CF40-428F-B24B-D2F9F110D182}.Debug|Any CPU.Build.0 = Debug|Any CPU
		{54AEAF4A-CF40-428F-B24B-D2F9F110D182}.Release|Any CPU.ActiveCfg = Release|Any CPU
		{54AEAF4A-CF40-428F-B24B-D2F9F110D182}.Release|Any CPU.Build.0 = Release|Any CPU
		{6F4E8288-FF88-4724-9EE3-B0E990FD49DC}.Debug|Any CPU.ActiveCfg = Debug|Any CPU
		{6F4E8288-FF88-4724-9EE3-B0E990FD49DC}.Debug|Any CPU.Build.0 = Debug|Any CPU
		{6F4E8288-FF88-4724-9EE3-B0E990FD49DC}.Release|Any CPU.ActiveCfg = Release|Any CPU
		{6F4E8288-FF88-4724-9EE3-B0E990FD49DC}.Release|Any CPU.Build.0 = Release|Any CPU
		{2FD07A2E-6BC1-4398-9D31-2CC22F94E45F}.Debug|Any CPU.ActiveCfg = Debug|Any CPU
		{2FD07A2E-6BC1-4398-9D31-2CC22F94E45F}.Debug|Any CPU.Build.0 = Debug|Any CPU
		{2FD07A2E-6BC1-4398-9D31-2CC22F94E45F}.Release|Any CPU.ActiveCfg = Release|Any CPU
		{2FD07A2E-6BC1-4398-9D31-2CC22F94E45F}.Release|Any CPU.Build.0 = Release|Any CPU
		{34EC5C11-42E1-46FA-832A-221EAC0A4D2F}.Debug|Any CPU.ActiveCfg = Debug|Any CPU
		{34EC5C11-42E1-46FA-832A-221EAC0A4D2F}.Debug|Any CPU.Build.0 = Debug|Any CPU
		{34EC5C11-42E1-46FA-832A-221EAC0A4D2F}.Release|Any CPU.ActiveCfg = Release|Any CPU
		{34EC5C11-42E1-46FA-832A-221EAC0A4D2F}.Release|Any CPU.Build.0 = Release|Any CPU
		{5DBC0FB5-E424-4771-90C4-86CCF63FA115}.Debug|Any CPU.ActiveCfg = Debug|Any CPU
		{5DBC0FB5-E424-4771-90C4-86CCF63FA115}.Debug|Any CPU.Build.0 = Debug|Any CPU
		{5DBC0FB5-E424-4771-90C4-86CCF63FA115}.Release|Any CPU.ActiveCfg = Release|Any CPU
		{5DBC0FB5-E424-4771-90C4-86CCF63FA115}.Release|Any CPU.Build.0 = Release|Any CPU
		{182A7514-631B-4CB0-82C2-5D03D37C4B06}.Debug|Any CPU.ActiveCfg = Debug|Any CPU
		{182A7514-631B-4CB0-82C2-5D03D37C4B06}.Debug|Any CPU.Build.0 = Debug|Any CPU
		{182A7514-631B-4CB0-82C2-5D03D37C4B06}.Release|Any CPU.ActiveCfg = Release|Any CPU
		{182A7514-631B-4CB0-82C2-5D03D37C4B06}.Release|Any CPU.Build.0 = Release|Any CPU
		{BF3F9AFD-C94B-4E0D-9BAB-EB1AAFB02C92}.Debug|Any CPU.ActiveCfg = Debug|Any CPU
		{BF3F9AFD-C94B-4E0D-9BAB-EB1AAFB02C92}.Debug|Any CPU.Build.0 = Debug|Any CPU
		{BF3F9AFD-C94B-4E0D-9BAB-EB1AAFB02C92}.Release|Any CPU.ActiveCfg = Release|Any CPU
		{BF3F9AFD-C94B-4E0D-9BAB-EB1AAFB02C92}.Release|Any CPU.Build.0 = Release|Any CPU
		{A6902743-F234-4663-83C8-51C7A37EBAA0}.Debug|Any CPU.ActiveCfg = Debug|Any CPU
		{A6902743-F234-4663-83C8-51C7A37EBAA0}.Debug|Any CPU.Build.0 = Debug|Any CPU
		{A6902743-F234-4663-83C8-51C7A37EBAA0}.Release|Any CPU.ActiveCfg = Release|Any CPU
		{A6902743-F234-4663-83C8-51C7A37EBAA0}.Release|Any CPU.Build.0 = Release|Any CPU
		{E613F187-E1BD-4629-B18F-EE2FCF222F5E}.Debug|Any CPU.ActiveCfg = Debug|Any CPU
		{E613F187-E1BD-4629-B18F-EE2FCF222F5E}.Debug|Any CPU.Build.0 = Debug|Any CPU
		{E613F187-E1BD-4629-B18F-EE2FCF222F5E}.Release|Any CPU.ActiveCfg = Release|Any CPU
		{E613F187-E1BD-4629-B18F-EE2FCF222F5E}.Release|Any CPU.Build.0 = Release|Any CPU
		{CD7A2216-B6E1-4BCE-867C-2D84A9861F27}.Debug|Any CPU.ActiveCfg = Debug|Any CPU
		{CD7A2216-B6E1-4BCE-867C-2D84A9861F27}.Debug|Any CPU.Build.0 = Debug|Any CPU
		{CD7A2216-B6E1-4BCE-867C-2D84A9861F27}.Release|Any CPU.ActiveCfg = Release|Any CPU
		{CD7A2216-B6E1-4BCE-867C-2D84A9861F27}.Release|Any CPU.Build.0 = Release|Any CPU
		{737FF822-2BD0-4565-9013-C6FD773CCB20}.Debug|Any CPU.ActiveCfg = Debug|Any CPU
		{737FF822-2BD0-4565-9013-C6FD773CCB20}.Debug|Any CPU.Build.0 = Debug|Any CPU
		{737FF822-2BD0-4565-9013-C6FD773CCB20}.Release|Any CPU.ActiveCfg = Release|Any CPU
		{737FF822-2BD0-4565-9013-C6FD773CCB20}.Release|Any CPU.Build.0 = Release|Any CPU
		{5834EF22-919E-42D1-B299-6EEDF876997A}.Debug|Any CPU.ActiveCfg = Debug|Any CPU
		{5834EF22-919E-42D1-B299-6EEDF876997A}.Debug|Any CPU.Build.0 = Debug|Any CPU
		{5834EF22-919E-42D1-B299-6EEDF876997A}.Release|Any CPU.ActiveCfg = Release|Any CPU
		{5834EF22-919E-42D1-B299-6EEDF876997A}.Release|Any CPU.Build.0 = Release|Any CPU
		{A2AE6BDE-41D2-4D96-B7AA-E65779EBCBF4}.Debug|Any CPU.ActiveCfg = Debug|Any CPU
		{A2AE6BDE-41D2-4D96-B7AA-E65779EBCBF4}.Debug|Any CPU.Build.0 = Debug|Any CPU
		{A2AE6BDE-41D2-4D96-B7AA-E65779EBCBF4}.Release|Any CPU.ActiveCfg = Release|Any CPU
		{A2AE6BDE-41D2-4D96-B7AA-E65779EBCBF4}.Release|Any CPU.Build.0 = Release|Any CPU
		{C742C4DD-4C37-4CF8-94F2-F759A7A4140D}.Debug|Any CPU.ActiveCfg = Debug|Any CPU
		{C742C4DD-4C37-4CF8-94F2-F759A7A4140D}.Debug|Any CPU.Build.0 = Debug|Any CPU
		{C742C4DD-4C37-4CF8-94F2-F759A7A4140D}.Release|Any CPU.ActiveCfg = Release|Any CPU
		{C742C4DD-4C37-4CF8-94F2-F759A7A4140D}.Release|Any CPU.Build.0 = Release|Any CPU
		{F298C929-29BA-482A-A93F-89CA6973AA74}.Debug|Any CPU.ActiveCfg = Debug|Any CPU
		{F298C929-29BA-482A-A93F-89CA6973AA74}.Debug|Any CPU.Build.0 = Debug|Any CPU
		{F298C929-29BA-482A-A93F-89CA6973AA74}.Release|Any CPU.ActiveCfg = Release|Any CPU
		{F298C929-29BA-482A-A93F-89CA6973AA74}.Release|Any CPU.Build.0 = Release|Any CPU
		{B3861F02-3589-419A-ABEF-9AA402327672}.Debug|Any CPU.ActiveCfg = Debug|Any CPU
		{B3861F02-3589-419A-ABEF-9AA402327672}.Debug|Any CPU.Build.0 = Debug|Any CPU
		{B3861F02-3589-419A-ABEF-9AA402327672}.Release|Any CPU.ActiveCfg = Release|Any CPU
		{B3861F02-3589-419A-ABEF-9AA402327672}.Release|Any CPU.Build.0 = Release|Any CPU
		{2F35D3CA-9BFD-4011-902E-DC32617399F6}.Debug|Any CPU.ActiveCfg = Debug|Any CPU
		{2F35D3CA-9BFD-4011-902E-DC32617399F6}.Debug|Any CPU.Build.0 = Debug|Any CPU
		{2F35D3CA-9BFD-4011-902E-DC32617399F6}.Release|Any CPU.ActiveCfg = Release|Any CPU
		{2F35D3CA-9BFD-4011-902E-DC32617399F6}.Release|Any CPU.Build.0 = Release|Any CPU
	EndGlobalSection
	GlobalSection(SolutionProperties) = preSolution
		HideSolutionNode = FALSE
	EndGlobalSection
	GlobalSection(NestedProjects) = preSolution
		{C3FB59F2-EBCD-4407-9E0C-3FA52090B4BA} = {020FAFDF-77EE-4752-9576-2BDA3EDB01B5}
		{8078D4E6-EE99-41AC-836E-B06AD9E4132E} = {C3FB59F2-EBCD-4407-9E0C-3FA52090B4BA}
		{471E5AC4-95EB-415D-A102-0F9164BC3D5B} = {C9C34257-5540-401F-B916-035A060ED338}
		{384AC57B-191B-4477-BA6D-E8DC30306A34} = {C9C34257-5540-401F-B916-035A060ED338}
		{82B3456C-EB94-40DF-A811-2259BF874033} = {C3FB59F2-EBCD-4407-9E0C-3FA52090B4BA}
		{54AEAF4A-CF40-428F-B24B-D2F9F110D182} = {C9C34257-5540-401F-B916-035A060ED338}
		{6F4E8288-FF88-4724-9EE3-B0E990FD49DC} = {C3FB59F2-EBCD-4407-9E0C-3FA52090B4BA}
		{2FD07A2E-6BC1-4398-9D31-2CC22F94E45F} = {C9C34257-5540-401F-B916-035A060ED338}
		{B3B693AC-4CA1-4E36-A8C5-7D62133F3184} = {C9C34257-5540-401F-B916-035A060ED338}
		{34EC5C11-42E1-46FA-832A-221EAC0A4D2F} = {B3B693AC-4CA1-4E36-A8C5-7D62133F3184}
		{5DBC0FB5-E424-4771-90C4-86CCF63FA115} = {B3B693AC-4CA1-4E36-A8C5-7D62133F3184}
		{0C10613D-FA10-4B79-82DF-A4C4DB2DA099} = {C3FB59F2-EBCD-4407-9E0C-3FA52090B4BA}
		{182A7514-631B-4CB0-82C2-5D03D37C4B06} = {0C10613D-FA10-4B79-82DF-A4C4DB2DA099}
		{BF3F9AFD-C94B-4E0D-9BAB-EB1AAFB02C92} = {C3FB59F2-EBCD-4407-9E0C-3FA52090B4BA}
		{A6902743-F234-4663-83C8-51C7A37EBAA0} = {0C10613D-FA10-4B79-82DF-A4C4DB2DA099}
		{E613F187-E1BD-4629-B18F-EE2FCF222F5E} = {0C10613D-FA10-4B79-82DF-A4C4DB2DA099}
		{0E6C6E29-D89B-4FA4-A772-7524C11D27FA} = {020FAFDF-77EE-4752-9576-2BDA3EDB01B5}
		{CD7A2216-B6E1-4BCE-867C-2D84A9861F27} = {0E6C6E29-D89B-4FA4-A772-7524C11D27FA}
		{737FF822-2BD0-4565-9013-C6FD773CCB20} = {0E6C6E29-D89B-4FA4-A772-7524C11D27FA}
		{5834EF22-919E-42D1-B299-6EEDF876997A} = {0E6C6E29-D89B-4FA4-A772-7524C11D27FA}
		{8E9B5412-DA83-43EC-AD27-9710980A8F72} = {020FAFDF-77EE-4752-9576-2BDA3EDB01B5}
		{A2AE6BDE-41D2-4D96-B7AA-E65779EBCBF4} = {8E9B5412-DA83-43EC-AD27-9710980A8F72}
		{C742C4DD-4C37-4CF8-94F2-F759A7A4140D} = {0E6C6E29-D89B-4FA4-A772-7524C11D27FA}
		{29F00696-5B29-41B5-8CF7-9F299962DA7D} = {0E6C6E29-D89B-4FA4-A772-7524C11D27FA}
		{F298C929-29BA-482A-A93F-89CA6973AA74} = {29F00696-5B29-41B5-8CF7-9F299962DA7D}
		{B3861F02-3589-419A-ABEF-9AA402327672} = {29F00696-5B29-41B5-8CF7-9F299962DA7D}
		{2F35D3CA-9BFD-4011-902E-DC32617399F6} = {29F00696-5B29-41B5-8CF7-9F299962DA7D}
	EndGlobalSection
	GlobalSection(ExtensibilityGlobals) = postSolution
		SolutionGuid = {DFD2B8B1-10D1-4A34-B420-9DAE38351D3B}
	EndGlobalSection
EndGlobal
